gi
Microsoft Visual Studio Solution File, Format Version 12.00
# Visual Studio Version 17
VisualStudioVersion = 17.5.33516.290
MinimumVisualStudioVersion = 10.0.40219.1
Project("{9A19103F-16F7-4668-BE54-9A1E7A4F7556}") = "WebAPIMocoratti", "WebAPIMocoratti\WebAPIMocoratti.csproj", "{69C54656-76C9-4957-8CF2-89F93D7795B1}"
EndProject
Project("{FAE04EC0-301F-11D3-BF4B-00C04F79EFBC}") = "ApiCatalogoxUnitTests", "ApiCatalogoxUnitTests\ApiCatalogoxUnitTests.csproj", "{76646524-FDC1-4632-BDE4-0E27C02020E4}"
EndProject
Global
	GlobalSection(SolutionConfigurationPlatforms) = preSolution
		Debug|Any CPU = Debug|Any CPU
		Release|Any CPU = Release|Any CPU
	EndGlobalSection
	GlobalSection(ProjectConfigurationPlatforms) = postSolution
		{69C54656-76C9-4957-8CF2-89F93D7795B1}.Debug|Any CPU.ActiveCfg = Debug|Any CPU
		{69C54656-76C9-4957-8CF2-89F93D7795B1}.Debug|Any CPU.Build.0 = Debug|Any CPU
		{69C54656-76C9-4957-8CF2-89F93D7795B1}.Release|Any CPU.ActiveCfg = Release|Any CPU
		{69C54656-76C9-4957-8CF2-89F93D7795B1}.Release|Any CPU.Build.0 = Release|Any CPU
		{76646524-FDC1-4632-BDE4-0E27C02020E4}.Debug|Any CPU.ActiveCfg = Debug|Any CPU
		{76646524-FDC1-4632-BDE4-0E27C02020E4}.Debug|Any CPU.Build.0 = Debug|Any CPU
		{76646524-FDC1-4632-BDE4-0E27C02020E4}.Release|Any CPU.ActiveCfg = Release|Any CPU
		{76646524-FDC1-4632-BDE4-0E27C02020E4}.Release|Any CPU.Build.0 = Release|Any CPU
	EndGlobalSection
	GlobalSection(SolutionProperties) = preSolution
		HideSolutionNode = FALSE
	EndGlobalSection
	GlobalSection(ExtensibilityGlobals) = postSolution
		SolutionGuid = {F0079023-14A9-4546-98E8-72CE99DE58D3}
	EndGlobalSection
EndGlobal
